
Microsoft Visual Studio Solution File, Format Version 12.00
# Visual Studio Version 17
VisualStudioVersion = 17.14.36603.0 d17.14
MinimumVisualStudioVersion = 10.0.40219.1
Project("{FAE04EC0-301F-11D3-BF4B-00C04F79EFBC}") = "assignment", "assignment\assignment.csproj", "{48509709-4918-471E-A4EC-EF02E3E1D12D}"
EndProject
Global
	GlobalSection(SolutionConfigurationPlatforms) = preSolution
		Debug|Any CPU = Debug|Any CPU
		Release|Any CPU = Release|Any CPU
	EndGlobalSection
	GlobalSection(ProjectConfigurationPlatforms) = postSolution
		{48509709-4918-471E-A4EC-EF02E3E1D12D}.Debug|Any CPU.ActiveCfg = Debug|Any CPU
		{48509709-4918-471E-A4EC-EF02E3E1D12D}.Debug|Any CPU.Build.0 = Debug|Any CPU
		{48509709-4918-471E-A4EC-EF02E3E1D12D}.Release|Any CPU.ActiveCfg = Release|Any CPU
		{48509709-4918-471E-A4EC-EF02E3E1D12D}.Release|Any CPU.Build.0 = Release|Any CPU
	EndGlobalSection
	GlobalSection(SolutionProperties) = preSolution
		HideSolutionNode = FALSE
	EndGlobalSection
	GlobalSection(ExtensibilityGlobals) = postSolution
		SolutionGuid = {705917C9-BCA3-4F4D-B833-FCCA3AE269CF}
	EndGlobalSection
EndGlobal
